
Microsoft Visual Studio Solution File, Format Version 12.00
# Visual Studio Version 16
VisualStudioVersion = 16.0.30413.136
MinimumVisualStudioVersion = 10.0.40219.1
Project("{FAE04EC0-301F-11D3-BF4B-00C04F79EFBC}") = "EasySaveConsole", "EasySaveConsole\EasySaveConsole.csproj", "{3418EAD5-40C5-4050-80E8-7788CCFDCE85}"
EndProject
Global
	GlobalSection(SolutionConfigurationPlatforms) = preSolution
		Debug|Any CPU = Debug|Any CPU
		Release|Any CPU = Release|Any CPU
	EndGlobalSection
	GlobalSection(ProjectConfigurationPlatforms) = postSolution
		{3418EAD5-40C5-4050-80E8-7788CCFDCE85}.Debug|Any CPU.ActiveCfg = Debug|Any CPU
		{3418EAD5-40C5-4050-80E8-7788CCFDCE85}.Debug|Any CPU.Build.0 = Debug|Any CPU
		{3418EAD5-40C5-4050-80E8-7788CCFDCE85}.Release|Any CPU.ActiveCfg = Release|Any CPU
		{3418EAD5-40C5-4050-80E8-7788CCFDCE85}.Release|Any CPU.Build.0 = Release|Any CPU
	EndGlobalSection
	GlobalSection(SolutionProperties) = preSolution
		HideSolutionNode = FALSE
	EndGlobalSection
	GlobalSection(ExtensibilityGlobals) = postSolution
		SolutionGuid = {441F4E8F-ED0B-43A7-8407-E30A593065D9}
	EndGlobalSection
EndGlobal
